// !$*UTF8*$!
{
	archiveVersion = 1;
	classes = {
	};
	objectVersion = 46;
	objects = {

/* Begin PBXBuildFile section */
		1829D20319A4323D00A3EE97 /* Foundation.framework in Frameworks */ = {isa = PBXBuildFile; fileRef = 1829D20219A4323D00A3EE97 /* Foundation.framework */; };
		1829D20519A4323D00A3EE97 /* CoreGraphics.framework in Frameworks */ = {isa = PBXBuildFile; fileRef = 1829D20419A4323D00A3EE97 /* CoreGraphics.framework */; };
		1829D20719A4323D00A3EE97 /* UIKit.framework in Frameworks */ = {isa = PBXBuildFile; fileRef = 1829D20619A4323D00A3EE97 /* UIKit.framework */; };
		1829D20D19A4323D00A3EE97 /* InfoPlist.strings in Resources */ = {isa = PBXBuildFile; fileRef = 1829D20B19A4323D00A3EE97 /* InfoPlist.strings */; };
		1829D20F19A4323D00A3EE97 /* main.m in Sources */ = {isa = PBXBuildFile; fileRef = 1829D20E19A4323D00A3EE97 /* main.m */; };
		1829D21319A4323D00A3EE97 /* AppDelegate.m in Sources */ = {isa = PBXBuildFile; fileRef = 1829D21219A4323D00A3EE97 /* AppDelegate.m */; };
		1829D21519A4323D00A3EE97 /* Images.xcassets in Resources */ = {isa = PBXBuildFile; fileRef = 1829D21419A4323D00A3EE97 /* Images.xcassets */; };
		1829D21C19A4323D00A3EE97 /* XCTest.framework in Frameworks */ = {isa = PBXBuildFile; fileRef = 1829D21B19A4323D00A3EE97 /* XCTest.framework */; };
		1829D21D19A4323D00A3EE97 /* Foundation.framework in Frameworks */ = {isa = PBXBuildFile; fileRef = 1829D20219A4323D00A3EE97 /* Foundation.framework */; };
		1829D21E19A4323D00A3EE97 /* UIKit.framework in Frameworks */ = {isa = PBXBuildFile; fileRef = 1829D20619A4323D00A3EE97 /* UIKit.framework */; };
		1829D22619A4323D00A3EE97 /* InfoPlist.strings in Resources */ = {isa = PBXBuildFile; fileRef = 1829D22419A4323D00A3EE97 /* InfoPlist.strings */; };
		1829D22819A4323D00A3EE97 /* WorkingTestTests.m in Sources */ = {isa = PBXBuildFile; fileRef = 1829D22719A4323D00A3EE97 /* WorkingTestTests.m */; };
/* End PBXBuildFile section */

/* Begin PBXContainerItemProxy section */
		1829D21F19A4323D00A3EE97 /* PBXContainerItemProxy */ = {
			isa = PBXContainerItemProxy;
			containerPortal = 1829D1F719A4323D00A3EE97 /* Project object */;
			proxyType = 1;
			remoteGlobalIDString = 1829D1FE19A4323D00A3EE97;
			remoteInfo = WorkingTest;
		};
/* End PBXContainerItemProxy section */

/* Begin PBXFileReference section */
		1829D1FF19A4323D00A3EE97 /* WorkingTest.app */ = {isa = PBXFileReference; explicitFileType = wrapper.application; includeInIndex = 0; path = WorkingTest.app; sourceTree = BUILT_PRODUCTS_DIR; };
		1829D20219A4323D00A3EE97 /* Foundation.framework */ = {isa = PBXFileReference; lastKnownFileType = wrapper.framework; name = Foundation.framework; path = System/Library/Frameworks/Foundation.framework; sourceTree = SDKROOT; };
		1829D20419A4323D00A3EE97 /* CoreGraphics.framework */ = {isa = PBXFileReference; lastKnownFileType = wrapper.framework; name = CoreGraphics.framework; path = System/Library/Frameworks/CoreGraphics.framework; sourceTree = SDKROOT; };
		1829D20619A4323D00A3EE97 /* UIKit.framework */ = {isa = PBXFileReference; lastKnownFileType = wrapper.framework; name = UIKit.framework; path = System/Library/Frameworks/UIKit.framework; sourceTree = SDKROOT; };
		1829D20A19A4323D00A3EE97 /* WorkingTest-Info.plist */ = {isa = PBXFileReference; lastKnownFileType = text.plist.xml; path = "WorkingTest-Info.plist"; sourceTree = "<group>"; };
		1829D20C19A4323D00A3EE97 /* en */ = {isa = PBXFileReference; lastKnownFileType = text.plist.strings; name = en; path = en.lproj/InfoPlist.strings; sourceTree = "<group>"; };
		1829D20E19A4323D00A3EE97 /* main.m */ = {isa = PBXFileReference; lastKnownFileType = sourcecode.c.objc; path = main.m; sourceTree = "<group>"; };
		1829D21019A4323D00A3EE97 /* WorkingTest-Prefix.pch */ = {isa = PBXFileReference; lastKnownFileType = sourcecode.c.h; path = "WorkingTest-Prefix.pch"; sourceTree = "<group>"; };
		1829D21119A4323D00A3EE97 /* AppDelegate.h */ = {isa = PBXFileReference; lastKnownFileType = sourcecode.c.h; path = AppDelegate.h; sourceTree = "<group>"; };
		1829D21219A4323D00A3EE97 /* AppDelegate.m */ = {isa = PBXFileReference; lastKnownFileType = sourcecode.c.objc; path = AppDelegate.m; sourceTree = "<group>"; };
		1829D21419A4323D00A3EE97 /* Images.xcassets */ = {isa = PBXFileReference; lastKnownFileType = folder.assetcatalog; path = Images.xcassets; sourceTree = "<group>"; };
		1829D21A19A4323D00A3EE97 /* WorkingTestTests.xctest */ = {isa = PBXFileReference; explicitFileType = wrapper.cfbundle; includeInIndex = 0; path = WorkingTestTests.xctest; sourceTree = BUILT_PRODUCTS_DIR; };
		1829D21B19A4323D00A3EE97 /* XCTest.framework */ = {isa = PBXFileReference; lastKnownFileType = wrapper.framework; name = XCTest.framework; path = Library/Frameworks/XCTest.framework; sourceTree = DEVELOPER_DIR; };
		1829D22319A4323D00A3EE97 /* WorkingTestTests-Info.plist */ = {isa = PBXFileReference; lastKnownFileType = text.plist.xml; path = "WorkingTestTests-Info.plist"; sourceTree = "<group>"; };
		1829D22519A4323D00A3EE97 /* en */ = {isa = PBXFileReference; lastKnownFileType = text.plist.strings; name = en; path = en.lproj/InfoPlist.strings; sourceTree = "<group>"; };
		1829D22719A4323D00A3EE97 /* WorkingTestTests.m */ = {isa = PBXFileReference; lastKnownFileType = sourcecode.c.objc; path = WorkingTestTests.m; sourceTree = "<group>"; };
/* End PBXFileReference section */

/* Begin PBXFrameworksBuildPhase section */
		1829D1FC19A4323D00A3EE97 /* Frameworks */ = {
			isa = PBXFrameworksBuildPhase;
			buildActionMask = 2147483647;
			files = (
				1829D20519A4323D00A3EE97 /* CoreGraphics.framework in Frameworks */,
				1829D20719A4323D00A3EE97 /* UIKit.framework in Frameworks */,
				1829D20319A4323D00A3EE97 /* Foundation.framework in Frameworks */,
			);
			runOnlyForDeploymentPostprocessing = 0;
		};
		1829D21719A4323D00A3EE97 /* Frameworks */ = {
			isa = PBXFrameworksBuildPhase;
			buildActionMask = 2147483647;
			files = (
				1829D21C19A4323D00A3EE97 /* XCTest.framework in Frameworks */,
				1829D21E19A4323D00A3EE97 /* UIKit.framework in Frameworks */,
				1829D21D19A4323D00A3EE97 /* Foundation.framework in Frameworks */,
			);
			runOnlyForDeploymentPostprocessing = 0;
		};
/* End PBXFrameworksBuildPhase section */

/* Begin PBXGroup section */
		1829D1F619A4323D00A3EE97 = {
			isa = PBXGroup;
			children = (
				1829D20819A4323D00A3EE97 /* WorkingTest */,
				1829D22119A4323D00A3EE97 /* WorkingTestTests */,
				1829D20119A4323D00A3EE97 /* Frameworks */,
				1829D20019A4323D00A3EE97 /* Products */,
			);
			sourceTree = "<group>";
		};
		1829D20019A4323D00A3EE97 /* Products */ = {
			isa = PBXGroup;
			children = (
				1829D1FF19A4323D00A3EE97 /* WorkingTest.app */,
				1829D21A19A4323D00A3EE97 /* WorkingTestTests.xctest */,
			);
			name = Products;
			sourceTree = "<group>";
		};
		1829D20119A4323D00A3EE97 /* Frameworks */ = {
			isa = PBXGroup;
			children = (
				1829D20219A4323D00A3EE97 /* Foundation.framework */,
				1829D20419A4323D00A3EE97 /* CoreGraphics.framework */,
				1829D20619A4323D00A3EE97 /* UIKit.framework */,
				1829D21B19A4323D00A3EE97 /* XCTest.framework */,
			);
			name = Frameworks;
			sourceTree = "<group>";
		};
		1829D20819A4323D00A3EE97 /* WorkingTest */ = {
			isa = PBXGroup;
			children = (
				1829D21119A4323D00A3EE97 /* AppDelegate.h */,
				1829D21219A4323D00A3EE97 /* AppDelegate.m */,
				1829D21419A4323D00A3EE97 /* Images.xcassets */,
				1829D20919A4323D00A3EE97 /* Supporting Files */,
			);
			path = WorkingTest;
			sourceTree = "<group>";
		};
		1829D20919A4323D00A3EE97 /* Supporting Files */ = {
			isa = PBXGroup;
			children = (
				1829D20A19A4323D00A3EE97 /* WorkingTest-Info.plist */,
				1829D20B19A4323D00A3EE97 /* InfoPlist.strings */,
				1829D20E19A4323D00A3EE97 /* main.m */,
				1829D21019A4323D00A3EE97 /* WorkingTest-Prefix.pch */,
			);
			name = "Supporting Files";
			sourceTree = "<group>";
		};
		1829D22119A4323D00A3EE97 /* WorkingTestTests */ = {
			isa = PBXGroup;
			children = (
				1829D22719A4323D00A3EE97 /* WorkingTestTests.m */,
				1829D22219A4323D00A3EE97 /* Supporting Files */,
			);
			path = WorkingTestTests;
			sourceTree = "<group>";
		};
		1829D22219A4323D00A3EE97 /* Supporting Files */ = {
			isa = PBXGroup;
			children = (
				1829D22319A4323D00A3EE97 /* WorkingTestTests-Info.plist */,
				1829D22419A4323D00A3EE97 /* InfoPlist.strings */,
			);
			name = "Supporting Files";
			sourceTree = "<group>";
		};
/* End PBXGroup section */

/* Begin PBXNativeTarget section */
		1829D1FE19A4323D00A3EE97 /* WorkingTest */ = {
			isa = PBXNativeTarget;
			buildConfigurationList = 1829D22B19A4323D00A3EE97 /* Build configuration list for PBXNativeTarget "WorkingTest" */;
			buildPhases = (
				1829D1FB19A4323D00A3EE97 /* Sources */,
				1829D1FC19A4323D00A3EE97 /* Frameworks */,
				1829D1FD19A4323D00A3EE97 /* Resources */,
			);
			buildRules = (
			);
			dependencies = (
			);
			name = WorkingTest;
			productName = WorkingTest;
			productReference = 1829D1FF19A4323D00A3EE97 /* WorkingTest.app */;
			productType = "com.apple.product-type.application";
		};
		1829D21919A4323D00A3EE97 /* WorkingTestTests */ = {
			isa = PBXNativeTarget;
			buildConfigurationList = 1829D22E19A4323D00A3EE97 /* Build configuration list for PBXNativeTarget "WorkingTestTests" */;
			buildPhases = (
				1829D21619A4323D00A3EE97 /* Sources */,
				1829D21719A4323D00A3EE97 /* Frameworks */,
				1829D21819A4323D00A3EE97 /* Resources */,
			);
			buildRules = (
			);
			dependencies = (
				1829D22019A4323D00A3EE97 /* PBXTargetDependency */,
			);
			name = WorkingTestTests;
			productName = WorkingTestTests;
			productReference = 1829D21A19A4323D00A3EE97 /* WorkingTestTests.xctest */;
			productType = "com.apple.product-type.bundle.unit-test";
		};
/* End PBXNativeTarget section */

/* Begin PBXProject section */
		1829D1F719A4323D00A3EE97 /* Project object */ = {
			isa = PBXProject;
			attributes = {
				LastUpgradeCheck = 0510;
				ORGANIZATIONNAME = zhangchaoqun;
				TargetAttributes = {
					1829D21919A4323D00A3EE97 = {
						TestTargetID = 1829D1FE19A4323D00A3EE97;
					};
				};
			};
			buildConfigurationList = 1829D1FA19A4323D00A3EE97 /* Build configuration list for PBXProject "WorkingTest" */;
			compatibilityVersion = "Xcode 3.2";
			developmentRegion = English;
			hasScannedForEncodings = 0;
			knownRegions = (
				en,
			);
			mainGroup = 1829D1F619A4323D00A3EE97;
			productRefGroup = 1829D20019A4323D00A3EE97 /* Products */;
			projectDirPath = "";
			projectRoot = "";
			targets = (
				1829D1FE19A4323D00A3EE97 /* WorkingTest */,
				1829D21919A4323D00A3EE97 /* WorkingTestTests */,
			);
		};
/* End PBXProject section */

/* Begin PBXResourcesBuildPhase section */
		1829D1FD19A4323D00A3EE97 /* Resources */ = {
			isa = PBXResourcesBuildPhase;
			buildActionMask = 2147483647;
			files = (
				1829D20D19A4323D00A3EE97 /* InfoPlist.strings in Resources */,
				1829D21519A4323D00A3EE97 /* Images.xcassets in Resources */,
			);
			runOnlyForDeploymentPostprocessing = 0;
		};
		1829D21819A4323D00A3EE97 /* Resources */ = {
			isa = PBXResourcesBuildPhase;
			buildActionMask = 2147483647;
			files = (
				1829D22619A4323D00A3EE97 /* InfoPlist.strings in Resources */,
			);
			runOnlyForDeploymentPostprocessing = 0;
		};
/* End PBXResourcesBuildPhase section */

/* Begin PBXSourcesBuildPhase section */
		1829D1FB19A4323D00A3EE97 /* Sources */ = {
			isa = PBXSourcesBuildPhase;
			buildActionMask = 2147483647;
			files = (
				1829D21319A4323D00A3EE97 /* AppDelegate.m in Sources */,
				1829D20F19A4323D00A3EE97 /* main.m in Sources */,
			);
			runOnlyForDeploymentPostprocessing = 0;
		};
		1829D21619A4323D00A3EE97 /* Sources */ = {
			isa = PBXSourcesBuildPhase;
			buildActionMask = 2147483647;
			files = (
				1829D22819A4323D00A3EE97 /* WorkingTestTests.m in Sources */,
			);
			runOnlyForDeploymentPostprocessing = 0;
		};
/* End PBXSourcesBuildPhase section */

/* Begin PBXTargetDependency section */
		1829D22019A4323D00A3EE97 /* PBXTargetDependency */ = {
			isa = PBXTargetDependency;
			target = 1829D1FE19A4323D00A3EE97 /* WorkingTest */;
			targetProxy = 1829D21F19A4323D00A3EE97 /* PBXContainerItemProxy */;
		};
/* End PBXTargetDependency section */

/* Begin PBXVariantGroup section */
		1829D20B19A4323D00A3EE97 /* InfoPlist.strings */ = {
			isa = PBXVariantGroup;
			children = (
				1829D20C19A4323D00A3EE97 /* en */,
			);
			name = InfoPlist.strings;
			sourceTree = "<group>";
		};
		1829D22419A4323D00A3EE97 /* InfoPlist.strings */ = {
			isa = PBXVariantGroup;
			children = (
				1829D22519A4323D00A3EE97 /* en */,
			);
			name = InfoPlist.strings;
			sourceTree = "<group>";
		};
/* End PBXVariantGroup section */

/* Begin XCBuildConfiguration section */
		1829D22919A4323D00A3EE97 /* Debug */ = {
			isa = XCBuildConfiguration;
			buildSettings = {
				ALWAYS_SEARCH_USER_PATHS = NO;
				CLANG_CXX_LANGUAGE_STANDARD = "gnu++0x";
				CLANG_CXX_LIBRARY = "libc++";
				CLANG_ENABLE_MODULES = YES;
				CLANG_ENABLE_OBJC_ARC = YES;
				CLANG_WARN_BOOL_CONVERSION = YES;
				CLANG_WARN_CONSTANT_CONVERSION = YES;
				CLANG_WARN_DIRECT_OBJC_ISA_USAGE = YES_ERROR;
				CLANG_WARN_EMPTY_BODY = YES;
				CLANG_WARN_ENUM_CONVERSION = YES;
				CLANG_WARN_INT_CONVERSION = YES;
				CLANG_WARN_OBJC_ROOT_CLASS = YES_ERROR;
				CLANG_WARN__DUPLICATE_METHOD_MATCH = YES;
				"CODE_SIGN_IDENTITY[sdk=iphoneos*]" = "iPhone Developer";
				COPY_PHASE_STRIP = NO;
				GCC_C_LANGUAGE_STANDARD = gnu99;
				GCC_DYNAMIC_NO_PIC = NO;
				GCC_OPTIMIZATION_LEVEL = 0;
				GCC_PREPROCESSOR_DEFINITIONS = (
					"DEBUG=1",
					"$(inherited)",
				);
				GCC_SYMBOLS_PRIVATE_EXTERN = NO;
				GCC_WARN_64_TO_32_BIT_CONVERSION = YES;
				GCC_WARN_ABOUT_RETURN_TYPE = YES_ERROR;
				GCC_WARN_UNDECLARED_SELECTOR = YES;
				GCC_WARN_UNINITIALIZED_AUTOS = YES_AGGRESSIVE;
				GCC_WARN_UNUSED_FUNCTION = YES;
				GCC_WARN_UNUSED_VARIABLE = YES;
				IPHONEOS_DEPLOYMENT_TARGET = 7.1;
				ONLY_ACTIVE_ARCH = YES;
				SDKROOT = iphoneos;
				TARGETED_DEVICE_FAMILY = "1,2";
			};
			name = Debug;
		};
		1829D22A19A4323D00A3EE97 /* Release */ = {
			isa = XCBuildConfiguration;
			buildSettings = {
				ALWAYS_SEARCH_USER_PATHS = NO;
				CLANG_CXX_LANGUAGE_STANDARD = "gnu++0x";
				CLANG_CXX_LIBRARY = "libc++";
				CLANG_ENABLE_MODULES = YES;
				CLANG_ENABLE_OBJC_ARC = YES;
				CLANG_WARN_BOOL_CONVERSION = YES;
				CLANG_WARN_CONSTANT_CONVERSION = YES;
				CLANG_WARN_DIRECT_OBJC_ISA_USAGE = YES_ERROR;
				CLANG_WARN_EMPTY_BODY = YES;
				CLANG_WARN_ENUM_CONVERSION = YES;
				CLANG_WARN_INT_CONVERSION = YES;
				CLANG_WARN_OBJC_ROOT_CLASS = YES_ERROR;
				CLANG_WARN__DUPLICATE_METHOD_MATCH = YES;
				"CODE_SIGN_IDENTITY[sdk=iphoneos*]" = "iPhone Developer";
				COPY_PHASE_STRIP = YES;
				ENABLE_NS_ASSERTIONS = NO;
				GCC_C_LANGUAGE_STANDARD = gnu99;
				GCC_WARN_64_TO_32_BIT_CONVERSION = YES;
				GCC_WARN_ABOUT_RETURN_TYPE = YES_ERROR;
				GCC_WARN_UNDECLARED_SELECTOR = YES;
				GCC_WARN_UNINITIALIZED_AUTOS = YES_AGGRESSIVE;
				GCC_WARN_UNUSED_FUNCTION = YES;
				GCC_WARN_UNUSED_VARIABLE = YES;
				IPHONEOS_DEPLOYMENT_TARGET = 7.1;
				SDKROOT = iphoneos;
				TARGETED_DEVICE_FAMILY = "1,2";
				VALIDATE_PRODUCT = YES;
			};
			name = Release;
		};
		1829D22C19A4323D00A3EE97 /* Debug */ = {
			isa = XCBuildConfiguration;
			buildSettings = {
				ASSETCATALOG_COMPILER_APPICON_NAME = AppIcon;
				ASSETCATALOG_COMPILER_LAUNCHIMAGE_NAME = LaunchImage;
				GCC_PRECOMPILE_PREFIX_HEADER = YES;
				GCC_PREFIX_HEADER = "WorkingTest/WorkingTest-Prefix.pch";
				INFOPLIST_FILE = "WorkingTest/WorkingTest-Info.plist";
				PRODUCT_NAME = "$(TARGET_NAME)";
				WRAPPER_EXTENSION = app;
			};
			name = Debug;
		};
		1829D22D19A4323D00A3EE97 /* Release */ = {
			isa = XCBuildConfiguration;
			buildSettings = {
				ASSETCATALOG_COMPILER_APPICON_NAME = AppIcon;
				ASSETCATALOG_COMPILER_LAUNCHIMAGE_NAME = LaunchImage;
				GCC_PRECOMPILE_PREFIX_HEADER = YES;
				GCC_PREFIX_HEADER = "WorkingTest/WorkingTest-Prefix.pch";
				INFOPLIST_FILE = "WorkingTest/WorkingTest-Info.plist";
				PRODUCT_NAME = "$(TARGET_NAME)";
				WRAPPER_EXTENSION = app;
			};
			name = Release;
		};
		1829D22F19A4323D00A3EE97 /* Debug */ = {
			isa = XCBuildConfiguration;
			buildSettings = {
				BUNDLE_LOADER = "$(BUILT_PRODUCTS_DIR)/WorkingTest.app/WorkingTest";
				FRAMEWORK_SEARCH_PATHS = (
					"$(SDKROOT)/Developer/Library/Frameworks",
					"$(inherited)",
					"$(DEVELOPER_FRAMEWORKS_DIR)",
				);
				GCC_PRECOMPILE_PREFIX_HEADER = YES;
				GCC_PREFIX_HEADER = "WorkingTest/WorkingTest-Prefix.pch";
				GCC_PREPROCESSOR_DEFINITIONS = (
					"DEBUG=1",
					"$(inherited)",
				);
				INFOPLIST_FILE = "WorkingTestTests/WorkingTestTests-Info.plist";
				PRODUCT_NAME = "$(TARGET_NAME)";
				TEST_HOST = "$(BUNDLE_LOADER)";
				WRAPPER_EXTENSION = xctest;
			};
			name = Debug;
		};
		1829D23019A4323D00A3EE97 /* Release */ = {
			isa = XCBuildConfiguration;
			buildSettings = {
				BUNDLE_LOADER = "$(BUILT_PRODUCTS_DIR)/WorkingTest.app/WorkingTest";
				FRAMEWORK_SEARCH_PATHS = (
					"$(SDKROOT)/Developer/Library/Frameworks",
					"$(inherited)",
					"$(DEVELOPER_FRAMEWORKS_DIR)",
				);
				GCC_PRECOMPILE_PREFIX_HEADER = YES;
				GCC_PREFIX_HEADER = "WorkingTest/WorkingTest-Prefix.pch";
				INFOPLIST_FILE = "WorkingTestTests/WorkingTestTests-Info.plist";
				PRODUCT_NAME = "$(TARGET_NAME)";
				TEST_HOST = "$(BUNDLE_LOADER)";
				WRAPPER_EXTENSION = xctest;
			};
			name = Release;
		};
/* End XCBuildConfiguration section */

/* Begin XCConfigurationList section */
		1829D1FA19A4323D00A3EE97 /* Build configuration list for PBXProject "WorkingTest" */ = {
			isa = XCConfigurationList;
			buildConfigurations = (
				1829D22919A4323D00A3EE97 /* Debug */,
				1829D22A19A4323D00A3EE97 /* Release */,
			);
			defaultConfigurationIsVisible = 0;
			defaultConfigurationName = Release;
		};
		1829D22B19A4323D00A3EE97 /* Build configuration list for PBXNativeTarget "WorkingTest" */ = {
			isa = XCConfigurationList;
			buildConfigurations = (
				1829D22C19A4323D00A3EE97 /* Debug */,
				1829D22D19A4323D00A3EE97 /* Release */,
			);
			defaultConfigurationIsVisible = 0;
		};
		1829D22E19A4323D00A3EE97 /* Build configuration list for PBXNativeTarget "WorkingTestTests" */ = {
			isa = XCConfigurationList;
			buildConfigurations = (
				1829D22F19A4323D00A3EE97 /* Debug */,
				1829D23019A4323D00A3EE97 /* Release */,
			);
			defaultConfigurationIsVisible = 0;
		};
/* End XCConfigurationList section */
	};
	rootObject = 1829D1F719A4323D00A3EE97 /* Project object */;
}
